
Microsoft Visual Studio Solution File, Format Version 12.00
# Visual Studio Version 16
VisualStudioVersion = 16.0.28803.352
MinimumVisualStudioVersion = 10.0.40219.1
Project("{FAE04EC0-301F-11D3-BF4B-00C04F79EFBC}") = "Poliklinika", "Poliklinika\Poliklinika.csproj", "{A41F7735-8FD8-495F-8185-92FD05CAD212}"
EndProject
Global
	GlobalSection(SolutionConfigurationPlatforms) = preSolution
		Debug|Any CPU = Debug|Any CPU
		Release|Any CPU = Release|Any CPU
	EndGlobalSection
	GlobalSection(ProjectConfigurationPlatforms) = postSolution
		{A41F7735-8FD8-495F-8185-92FD05CAD212}.Debug|Any CPU.ActiveCfg = Debug|Any CPU
		{A41F7735-8FD8-495F-8185-92FD05CAD212}.Debug|Any CPU.Build.0 = Debug|Any CPU
		{A41F7735-8FD8-495F-8185-92FD05CAD212}.Release|Any CPU.ActiveCfg = Release|Any CPU
		{A41F7735-8FD8-495F-8185-92FD05CAD212}.Release|Any CPU.Build.0 = Release|Any CPU
	EndGlobalSection
	GlobalSection(SolutionProperties) = preSolution
		HideSolutionNode = FALSE
	EndGlobalSection
	GlobalSection(ExtensibilityGlobals) = postSolution
		SolutionGuid = {4BE98AEC-EE3A-4C97-8338-1FA43019767D}
	EndGlobalSection
EndGlobal
